<?xml version="1.0" encoding="utf-8"?>
<Project ToolsVersion="4.0" xmlns="http://schemas.microsoft.com/developer/msbuild/2003">
  <ItemGroup>
    <Filter Include="Source Files">
      <UniqueIdentifier>{4FC737F1-C7A5-4376-A066-2A32D752A2FF}</UniqueIdentifier>
      <Extensions>cpp;c;cc;cxx;c++;cppm;ixx;def;odl;idl;hpj;bat;asm;asmx</Extensions>
    </Filter>
    <Filter Include="Header Files">
      <UniqueIdentifier>{93995380-89BD-4b04-88EB-625FBE52EBFB}</UniqueIdentifier>
      <Extensions>h;hh;hpp;hxx;h++;hm;inl;inc;ipp;xsd</Extensions>
    </Filter>
    <Filter Include="Source Files\Resource Files">
      <UniqueIdentifier>{67DA6AB6-F800-4c08-8B7A-83BB121AAD01}</UniqueIdentifier>
      <Extensions>rc;ico;cur;bmp;dlg;rc2;rct;bin;rgs;gif;jpg;jpeg;jpe;resx;tiff;tif;png;wav;mfcribbon-ms</Extensions>
    </Filter>
  </ItemGroup>
  <ItemGroup>
    <ClInclude Include="MainFrame.h">
      <Filter>Header Files</Filter>
    </ClInclude>
    <ClInclude Include="App.h">
      <Filter>Header Files</Filter>
    </ClInclude>
    <ClInclude Include="User.h">
      <Filter>Header Files</Filter>
    </ClInclude>
    <ClInclude Include="menu.h">
      <Filter>Header Files</Filter>
    </ClInclude>
    <ClInclude Include="admin.h">
      <Filter>Header Files</Filter>
    </ClInclude>
    <ClInclude Include="userlogin.h">
      <Filter>Header Files</Filter>
    </ClInclude>
    <ClInclude Include="SignupFrame.h">
      <Filter>Header Files</Filter>
    </ClInclude>
    <ClInclude Include="loggedin.h">
      <Filter>Header Files</Filter>
    </ClInclude>
    <ClInclude Include="MenuPanel.h">
      <Filter>Header Files</Filter>
    </ClInclude>
    <ClInclude Include="adminframe.h">
      <Filter>Header Files</Filter>
    </ClInclude>
    <ClInclude Include="adminlogin.h">
      <Filter>Header Files</Filter>
    </ClInclude>
    <ClInclude Include="TransactionHistory.h">
      <Filter>Header Files</Filter>
    </ClInclude>
  </ItemGroup>
  <ItemGroup>
    <ClCompile Include="MainFrame.cpp">
      <Filter>Source Files</Filter>
    </ClCompile>
    <ClCompile Include="App.cpp">
      <Filter>Source Files</Filter>
    </ClCompile>
    <ClCompile Include="User.cpp">
      <Filter>Source Files</Filter>
    </ClCompile>
    <ClCompile Include="menu.cpp">
      <Filter>Source Files</Filter>
    </ClCompile>
    <ClCompile Include="admin.cpp">
      <Filter>Source Files</Filter>
    </ClCompile>
    <ClCompile Include="userlogin.cpp">
      <Filter>Source Files</Filter>
    </ClCompile>
    <ClCompile Include="SignupFrame.cpp">
      <Filter>Source Files</Filter>
    </ClCompile>
    <ClCompile Include="loggedin.cpp">
      <Filter>Source Files</Filter>
    </ClCompile>
    <ClCompile Include="MenuPanel.cpp">
      <Filter>Source Files</Filter>
    </ClCompile>
    <ClCompile Include="adminframe.cpp">
      <Filter>Source Files</Filter>
    </ClCompile>
    <ClCompile Include="adminlogin.cpp">
      <Filter>Source Files</Filter>
    </ClCompile>
    <ClCompile Include="TransactionHistory.cpp">
      <Filter>Source Files</Filter>
    </ClCompile>
  </ItemGroup>
</Project>